
Microsoft Visual Studio Solution File, Format Version 12.00
# Visual Studio Version 17
VisualStudioVersion = 17.8.34330.188
MinimumVisualStudioVersion = 10.0.40219.1
Project("{FAE04EC0-301F-11D3-BF4B-00C04F79EFBC}") = "blong", "blong\blong.csproj", "{4669D917-5B12-4192-87E1-21F4206BA51C}"
EndProject
Global
	GlobalSection(SolutionConfigurationPlatforms) = preSolution
		Debug|Any CPU = Debug|Any CPU
		Release|Any CPU = Release|Any CPU
	EndGlobalSection
	GlobalSection(ProjectConfigurationPlatforms) = postSolution
		{4669D917-5B12-4192-87E1-21F4206BA51C}.Debug|Any CPU.ActiveCfg = Debug|Any CPU
		{4669D917-5B12-4192-87E1-21F4206BA51C}.Debug|Any CPU.Build.0 = Debug|Any CPU
		{4669D917-5B12-4192-87E1-21F4206BA51C}.Release|Any CPU.ActiveCfg = Release|Any CPU
		{4669D917-5B12-4192-87E1-21F4206BA51C}.Release|Any CPU.Build.0 = Release|Any CPU
	EndGlobalSection
	GlobalSection(SolutionProperties) = preSolution
		HideSolutionNode = FALSE
	EndGlobalSection
	GlobalSection(ExtensibilityGlobals) = postSolution
		SolutionGuid = {DE09012B-F94A-43B9-91FF-9ECDDCBD6F94}
	EndGlobalSection
EndGlobal
